
Microsoft Visual Studio Solution File, Format Version 12.00
# Visual Studio Version 17
VisualStudioVersion = 17.13.35931.197 d17.13
MinimumVisualStudioVersion = 10.0.40219.1
Project("{FAE04EC0-301F-11D3-BF4B-00C04F79EFBC}") = "PruebaTecnica2", "PruebaTecnica2\PruebaTecnica2.csproj", "{B811A120-DFA6-4C99-BFB4-F448288A252C}"
EndProject
Global
	GlobalSection(SolutionConfigurationPlatforms) = preSolution
		Debug|Any CPU = Debug|Any CPU
		Release|Any CPU = Release|Any CPU
	EndGlobalSection
	GlobalSection(ProjectConfigurationPlatforms) = postSolution
		{B811A120-DFA6-4C99-BFB4-F448288A252C}.Debug|Any CPU.ActiveCfg = Debug|Any CPU
		{B811A120-DFA6-4C99-BFB4-F448288A252C}.Debug|Any CPU.Build.0 = Debug|Any CPU
		{B811A120-DFA6-4C99-BFB4-F448288A252C}.Release|Any CPU.ActiveCfg = Release|Any CPU
		{B811A120-DFA6-4C99-BFB4-F448288A252C}.Release|Any CPU.Build.0 = Release|Any CPU
	EndGlobalSection
	GlobalSection(SolutionProperties) = preSolution
		HideSolutionNode = FALSE
	EndGlobalSection
	GlobalSection(ExtensibilityGlobals) = postSolution
		SolutionGuid = {7036E20A-10E9-4723-980C-1398ED6962C1}
	EndGlobalSection
EndGlobal
